{
  "nodes": {
    "flake-compat": {
      "flake": false,
      "locked": {
        "lastModified": 1648199409,
        "narHash": "sha256-JwPKdC2PoVBkG6E+eWw3j6BMR6sL3COpYWfif7RVb8Y=",
        "owner": "edolstra",
        "repo": "flake-compat",
        "rev": "64a525ee38886ab9028e6f61790de0832aa3ef03",
        "type": "github"
      },
      "original": {
        "owner": "edolstra",
        "repo": "flake-compat",
        "type": "github"
      }
    },
    "flake-utils": {
      "locked": {
        "lastModified": 1653893745,
        "narHash": "sha256-0jntwV3Z8//YwuOjzhV2sgJJPt+HY6KhU7VZUL0fKZQ=",
        "owner": "numtide",
        "repo": "flake-utils",
        "rev": "1ed9fb1935d260de5fe1c2f7ee0ebaae17ed2fa1",
        "type": "github"
      },
      "original": {
        "owner": "numtide",
        "repo": "flake-utils",
        "type": "github"
      }
    },
    "nixpkgs-21_11": {
      "locked": {
        "lastModified": 1654346688,
        "narHash": "sha256-Y7QtZkfdxTvACCvWmDjpN6qOf4OKkZATufHcJP2VMKM=",
        "owner": "NixOS",
        "repo": "nixpkgs",
        "rev": "2de556c4cd46a59e8ce2f85ee4dd400983213d45",
        "type": "github"
      },
      "original": {
        "owner": "NixOS",
        "ref": "release-21.11",
        "repo": "nixpkgs",
        "type": "github"
      }
    },
    "nixpkgs-21_11_2": {
      "locked": {
        "lastModified": 1654346688,
        "narHash": "sha256-Y7QtZkfdxTvACCvWmDjpN6qOf4OKkZATufHcJP2VMKM=",
        "owner": "NixOS",
        "repo": "nixpkgs",
        "rev": "2de556c4cd46a59e8ce2f85ee4dd400983213d45",
        "type": "github"
      },
      "original": {
        "owner": "NixOS",
        "ref": "release-21.11",
        "repo": "nixpkgs",
        "type": "github"
      }
    },
    "nixpkgs-22_05": {
      "locked": {
        "lastModified": 1654373220,
        "narHash": "sha256-3vKFnZz2oYHo4YcelaNOhO4XQ2jiIEXrp1s4w+e773c=",
        "owner": "NixOS",
        "repo": "nixpkgs",
        "rev": "d6cb04299ce8964290ae7fdcb87aa50da0500b5c",
        "type": "github"
      },
      "original": {
        "owner": "NixOS",
        "ref": "release-22.05",
        "repo": "nixpkgs",
        "type": "github"
      }
    },
    "nixpkgs-22_05_2": {
      "locked": {
        "lastModified": 1654373220,
        "narHash": "sha256-3vKFnZz2oYHo4YcelaNOhO4XQ2jiIEXrp1s4w+e773c=",
        "owner": "NixOS",
        "repo": "nixpkgs",
        "rev": "d6cb04299ce8964290ae7fdcb87aa50da0500b5c",
        "type": "github"
      },
      "original": {
        "owner": "NixOS",
        "ref": "release-22.05",
        "repo": "nixpkgs",
        "type": "github"
      }
    },
    "porcupine-hm": {
      "inputs": {
        "nixpkgs": [
          "porcupine-nixpkgs"
        ]
      },
      "locked": {
        "lastModified": 1651519540,
        "narHash": "sha256-3k6p8VsTwwRPQjE8rrMh+o2AZACZn/eeYJ7ivdQ/Iro=",
        "owner": "nix-community",
        "repo": "home-manager",
        "rev": "d93d56ab8c1c6aa575854a79b9d2f69d491db7d0",
        "type": "github"
      },
      "original": {
        "owner": "nix-community",
        "ref": "release-21.11",
        "repo": "home-manager",
        "type": "github"
      }
    },
    "porcupine-nixpkgs": {
      "locked": {
        "lastModified": 1653996475,
        "narHash": "sha256-r/UA7h3Dfgf4dlOCkakpqejf1Tagfb+6T+9OdT0qBgU=",
        "owner": "NixOS",
        "repo": "nixpkgs",
        "rev": "ec6eaba9dfcfdd11547d75a193e91e26701bf7e3",
        "type": "github"
      },
      "original": {
        "owner": "NixOS",
        "ref": "nixos-21.11",
        "repo": "nixpkgs",
        "type": "github"
      }
    },
    "porcupine-sops-nix": {
      "inputs": {
        "nixpkgs": [
          "porcupine-nixpkgs"
        ],
        "nixpkgs-21_11": "nixpkgs-21_11",
        "nixpkgs-22_05": "nixpkgs-22_05"
      },
      "locked": {
        "lastModified": 1654401128,
        "narHash": "sha256-uCdQ2fzIPGakHw2TkvOncUvCl7Fo7z/vagpDWYooO7s=",
        "owner": "Mic92",
        "repo": "sops-nix",
        "rev": "f075361ecbde21535b38e41dfaa28a28f160855c",
        "type": "github"
      },
      "original": {
        "owner": "Mic92",
        "repo": "sops-nix",
        "type": "github"
      }
    },
    "root": {
      "inputs": {
        "flake-utils": "flake-utils",
        "porcupine-hm": "porcupine-hm",
        "porcupine-nixpkgs": "porcupine-nixpkgs",
        "porcupine-sops-nix": "porcupine-sops-nix",
        "unstable-deploy-rs": "unstable-deploy-rs",
        "unstable-hm": "unstable-hm",
        "unstable-nixpkgs": "unstable-nixpkgs",
        "unstable-nur": "unstable-nur",
        "unstable-sops-nix": "unstable-sops-nix"
      }
    },
    "unstable-deploy-rs": {
      "inputs": {
        "flake-compat": "flake-compat",
        "nixpkgs": [
          "unstable-nixpkgs"
        ],
        "utils": "utils"
      },
      "locked": {
        "lastModified": 1653594315,
        "narHash": "sha256-kJ0ENmnQJ4qL2FeYKZba9kvv1KmIuB3NVpBwMeI7AJQ=",
        "owner": "serokell",
        "repo": "deploy-rs",
        "rev": "184349d8149436748986d1bdba087e4149e9c160",
        "type": "github"
      },
      "original": {
        "owner": "serokell",
        "repo": "deploy-rs",
        "type": "github"
      }
    },
    "unstable-hm": {
      "inputs": {
        "nixpkgs": [
          "unstable-nixpkgs"
        ]
      },
      "locked": {
        "lastModified": 1654113406,
        "narHash": "sha256-70esZvhal+FsyU89mJRcAb+cDGHKt0sgZ6MlRr9Cplg=",
        "owner": "nix-community",
        "repo": "home-manager",
        "rev": "684e85d01d333be91c4875baebb05b93c7d2ffaa",
        "type": "github"
      },
      "original": {
        "owner": "nix-community",
        "repo": "home-manager",
        "type": "github"
      }
    },
    "unstable-nixpkgs": {
      "locked": {
        "lastModified": 1654368328,
        "narHash": "sha256-hOVBb1I0MPorEVNM5B5jYY8Hzxpr0kz+Bp83LMDcBXc=",
        "owner": "NixOS",
        "repo": "nixpkgs",
        "rev": "231efecec538f85fcf00a5c42f3a2f7cef1394ee",
        "type": "github"
      },
      "original": {
        "owner": "NixOS",
        "repo": "nixpkgs",
        "type": "github"
      }
    },
    "unstable-nur": {
      "locked": {
        "lastModified": 1654367137,
        "narHash": "sha256-xufB/+qvk/7rh7qrwZbzru1kTu8nsmNWBNQkYbdS84Q=",
        "owner": "nix-community",
        "repo": "NUR",
        "rev": "86ff2d098bce1d623232f4886027a1d61317b195",
        "type": "github"
      },
      "original": {
        "owner": "nix-community",
        "repo": "NUR",
        "type": "github"
      }
    },
    "unstable-sops-nix": {
      "inputs": {
        "nixpkgs": [
          "unstable-nixpkgs"
        ],
        "nixpkgs-21_11": "nixpkgs-21_11_2",
        "nixpkgs-22_05": "nixpkgs-22_05_2"
      },
      "locked": {
        "lastModified": 1654401128,
        "narHash": "sha256-uCdQ2fzIPGakHw2TkvOncUvCl7Fo7z/vagpDWYooO7s=",
        "owner": "Mic92",
        "repo": "sops-nix",
        "rev": "f075361ecbde21535b38e41dfaa28a28f160855c",
        "type": "github"
      },
      "original": {
        "owner": "Mic92",
        "repo": "sops-nix",
        "type": "github"
      }
    },
    "utils": {
      "locked": {
        "lastModified": 1648297722,
        "narHash": "sha256-W+qlPsiZd8F3XkzXOzAoR+mpFqzm3ekQkJNa+PIh1BQ=",
        "owner": "numtide",
        "repo": "flake-utils",
        "rev": "0f8662f1319ad6abf89b3380dd2722369fc51ade",
        "type": "github"
      },
      "original": {
        "owner": "numtide",
        "repo": "flake-utils",
        "type": "github"
      }
    }
  },
  "root": "root",
  "version": 7
}
