NeoBundleLock CandyPaper.vim 8413dae6bb65742eb2bb8f3248a1f04e9e29d8c8
NeoBundleLock YCM-Generator 8413dae6bb65742eb2bb8f3248a1f04e9e29d8c8
NeoBundleLock YouCompleteMe 8413dae6bb65742eb2bb8f3248a1f04e9e29d8c8
NeoBundleLock code_complete 8413dae6bb65742eb2bb8f3248a1f04e9e29d8c8
NeoBundleLock color_coded 8413dae6bb65742eb2bb8f3248a1f04e9e29d8c8
NeoBundleLock ctrlp.vim 8413dae6bb65742eb2bb8f3248a1f04e9e29d8c8
NeoBundleLock neobundle.vim 5ec955740d45cd5162fa257fde89b151477e294d
NeoBundleLock neosnippet-snippets 8413dae6bb65742eb2bb8f3248a1f04e9e29d8c8
NeoBundleLock neosnippet.vim 8413dae6bb65742eb2bb8f3248a1f04e9e29d8c8
NeoBundleLock nerdtree 8413dae6bb65742eb2bb8f3248a1f04e9e29d8c8
NeoBundleLock vim-colorschemes 8413dae6bb65742eb2bb8f3248a1f04e9e29d8c8
NeoBundleLock vim-fugitive 8413dae6bb65742eb2bb8f3248a1f04e9e29d8c8
NeoBundleLock vim-latex 8413dae6bb65742eb2bb8f3248a1f04e9e29d8c8
NeoBundleLock vimshell 8413dae6bb65742eb2bb8f3248a1f04e9e29d8c8
