NeoBundleLock ctrlp.vim c9f622fb211c436972198ef8bdfd677d929e1bb6
NeoBundleLock neobundle.vim 5ec955740d45cd5162fa257fde89b151477e294d
NeoBundleLock neosnippet-snippets 9767073287214a621197eced2455768e0940f482
NeoBundleLock neosnippet.vim e619d43571a675057461f29f2c039dab64728f32
NeoBundleLock nerdtree bcf3de4fdffae45fc7c85b6b84a01b37177924aa
NeoBundleLock vim-colorschemes 28a989b28457e38df620e4c7ab23e224aff70efe
NeoBundleLock vim-fugitive b319b694539017dcd789dc2c42f784a30d7b28b8
NeoBundleLock vim-latex ae5a9cbd815ddef8fb9a520ebe1dea4c6aacd941
NeoBundleLock vimshell 3787e52766812d8b99a93ccdda57517bc2a0bab6
